
Microsoft Visual Studio Solution File, Format Version 12.00
# Visual Studio Version 16
VisualStudioVersion = 16.0.33801.447
MinimumVisualStudioVersion = 10.0.40219.1
Project("{FAE04EC0-301F-11D3-BF4B-00C04F79EFBC}") = "GG-WebStore", "GG-WebStore.csproj", "{7AADE531-C6A5-4F67-95A5-22D7E520F880}"
EndProject
Global
	GlobalSection(SolutionConfigurationPlatforms) = preSolution
		Debug|Any CPU = Debug|Any CPU
		Release|Any CPU = Release|Any CPU
	EndGlobalSection
	GlobalSection(ProjectConfigurationPlatforms) = postSolution
		{7AADE531-C6A5-4F67-95A5-22D7E520F880}.Debug|Any CPU.ActiveCfg = Debug|Any CPU
		{7AADE531-C6A5-4F67-95A5-22D7E520F880}.Debug|Any CPU.Build.0 = Debug|Any CPU
		{7AADE531-C6A5-4F67-95A5-22D7E520F880}.Release|Any CPU.ActiveCfg = Release|Any CPU
		{7AADE531-C6A5-4F67-95A5-22D7E520F880}.Release|Any CPU.Build.0 = Release|Any CPU
	EndGlobalSection
	GlobalSection(SolutionProperties) = preSolution
		HideSolutionNode = FALSE
	EndGlobalSection
	GlobalSection(ExtensibilityGlobals) = postSolution
		SolutionGuid = {949E91B5-0470-4441-B5B0-85935A387981}
	EndGlobalSection
EndGlobal
