
Microsoft Visual Studio Solution File, Format Version 12.00
# Visual Studio Version 16
VisualStudioVersion = 16.0.33801.447
MinimumVisualStudioVersion = 10.0.40219.1
Project("{FAE04EC0-301F-11D3-BF4B-00C04F79EFBC}") = "Service2", "Service2.csproj", "{45E587AD-08FA-4E89-8424-A6ECD1A7A621}"
EndProject
Global
	GlobalSection(SolutionConfigurationPlatforms) = preSolution
		Debug|Any CPU = Debug|Any CPU
		Release|Any CPU = Release|Any CPU
	EndGlobalSection
	GlobalSection(ProjectConfigurationPlatforms) = postSolution
		{45E587AD-08FA-4E89-8424-A6ECD1A7A621}.Debug|Any CPU.ActiveCfg = Debug|Any CPU
		{45E587AD-08FA-4E89-8424-A6ECD1A7A621}.Debug|Any CPU.Build.0 = Debug|Any CPU
		{45E587AD-08FA-4E89-8424-A6ECD1A7A621}.Release|Any CPU.ActiveCfg = Release|Any CPU
		{45E587AD-08FA-4E89-8424-A6ECD1A7A621}.Release|Any CPU.Build.0 = Release|Any CPU
	EndGlobalSection
	GlobalSection(SolutionProperties) = preSolution
		HideSolutionNode = FALSE
	EndGlobalSection
	GlobalSection(ExtensibilityGlobals) = postSolution
		SolutionGuid = {E1DE6AF6-B6D1-48E1-93AC-DC3BB2CA885D}
	EndGlobalSection
EndGlobal
